
Microsoft Visual Studio Solution File, Format Version 12.00
# Visual Studio Version 16
VisualStudioVersion = 16.0.31105.61
MinimumVisualStudioVersion = 10.0.40219.1
Project("{FAE04EC0-301F-11D3-BF4B-00C04F79EFBC}") = "Semana_01", "Semana_01\Semana_01.csproj", "{87221532-47EB-4D3D-AA38-7745EC11C44D}"
EndProject
Project("{FAE04EC0-301F-11D3-BF4B-00C04F79EFBC}") = "WinFormsApp01", "WinFormsApp01\WinFormsApp01.csproj", "{359A537C-C27D-4426-9A51-2DE39D13AAE5}"
EndProject
Global
	GlobalSection(SolutionConfigurationPlatforms) = preSolution
		Debug|Any CPU = Debug|Any CPU
		Release|Any CPU = Release|Any CPU
	EndGlobalSection
	GlobalSection(ProjectConfigurationPlatforms) = postSolution
		{87221532-47EB-4D3D-AA38-7745EC11C44D}.Debug|Any CPU.ActiveCfg = Debug|Any CPU
		{87221532-47EB-4D3D-AA38-7745EC11C44D}.Debug|Any CPU.Build.0 = Debug|Any CPU
		{87221532-47EB-4D3D-AA38-7745EC11C44D}.Release|Any CPU.ActiveCfg = Release|Any CPU
		{87221532-47EB-4D3D-AA38-7745EC11C44D}.Release|Any CPU.Build.0 = Release|Any CPU
		{359A537C-C27D-4426-9A51-2DE39D13AAE5}.Debug|Any CPU.ActiveCfg = Debug|Any CPU
		{359A537C-C27D-4426-9A51-2DE39D13AAE5}.Debug|Any CPU.Build.0 = Debug|Any CPU
		{359A537C-C27D-4426-9A51-2DE39D13AAE5}.Release|Any CPU.ActiveCfg = Release|Any CPU
		{359A537C-C27D-4426-9A51-2DE39D13AAE5}.Release|Any CPU.Build.0 = Release|Any CPU
	EndGlobalSection
	GlobalSection(SolutionProperties) = preSolution
		HideSolutionNode = FALSE
	EndGlobalSection
	GlobalSection(ExtensibilityGlobals) = postSolution
		SolutionGuid = {990E1123-C784-4129-8560-9FFD1437EFC8}
	EndGlobalSection
EndGlobal
